# This file is generated by running "yarn install" inside your project.
# Manual changes might be lost - proceed with caution!

__metadata:
  version: 6
  cacheKey: 8

"@types/node@npm:^10.12.18":
  version: 10.14.12
  resolution: "@types/node@npm:10.14.12"
  checksum: 90ff5ea0a568e2dde2c4f9585253cfec51ea758ca8848157489d2e12594e8c2c126cadec8e5ae1fea5286f36ac7fc62c16aa1f22c7dce0092faa672113d950e5
  languageName: node
  linkType: hard

"ajv@npm:^6.5.5":
  version: 6.10.2
  resolution: "ajv@npm:6.10.2"
  dependencies:
    fast-deep-equal: ^2.0.1
    fast-json-stable-stringify: ^2.0.0
    json-schema-traverse: ^0.4.1
    uri-js: ^4.2.2
  checksum: c9510067077da598fd7c9c2e2b9fd9e1881d3817aca7357767b811b857d969d43899bd973608474f6cdad6984e2744f51419cf1c704903790fa7f93e0fd0b42f
  languageName: node
  linkType: hard

"ansi-regex@npm:^2.0.0":
  version: 2.1.1
  resolution: "ansi-regex@npm:2.1.1"
  checksum: 190abd03e4ff86794f338a31795d262c1dfe8c91f7e01d04f13f646f1dcb16c5800818f886047876f1272f065570ab86b24b99089f8b68a0e11ff19aed4ca8f1
  languageName: node
  linkType: hard

"array-find-index@npm:^1.0.1":
  version: 1.0.2
  resolution: "array-find-index@npm:1.0.2"
  checksum: aac128bf369e1ac6c06ff0bb330788371c0e256f71279fb92d745e26fb4b9db8920e485b4ec25e841c93146bf71a34dcdbcefa115e7e0f96927a214d237b7081
  languageName: node
  linkType: hard

"asn1@npm:~0.2.3":
  version: 0.2.4
  resolution: "asn1@npm:0.2.4"
  dependencies:
    safer-buffer: ~2.1.0
  checksum: aa5d6f77b1e0597df53824c68cfe82d1d89ce41cb3520148611f025fbb3101b2d25dd6a40ad34e4fac10f6b19ed5e8628cd4b7d212261e80e83f02b39ee5663c
  languageName: node
  linkType: hard

"assert-plus@npm:1.0.0, assert-plus@npm:^1.0.0":
  version: 1.0.0
  resolution: "assert-plus@npm:1.0.0"
  checksum: 19b4340cb8f0e6a981c07225eacac0e9d52c2644c080198765d63398f0075f83bbc0c8e95474d54224e297555ad0d631c1dcd058adb1ddc2437b41a6b424ac64
  languageName: node
  linkType: hard

"asynckit@npm:^0.4.0":
  version: 0.4.0
  resolution: "asynckit@npm:0.4.0"
  checksum: 7b78c451df768adba04e2d02e63e2d0bf3b07adcd6e42b4cf665cb7ce899bedd344c69a1dcbce355b5f972d597b25aaa1c1742b52cffd9caccb22f348114f6be
  languageName: node
  linkType: hard

"aws-sign2@npm:~0.7.0":
  version: 0.7.0
  resolution: "aws-sign2@npm:0.7.0"
  checksum: b148b0bb0778098ad8cf7e5fc619768bcb51236707ca1d3e5b49e41b171166d8be9fdc2ea2ae43d7decf02989d0aaa3a9c4caa6f320af95d684de9b548a71525
  languageName: node
  linkType: hard

"aws4@npm:^1.8.0":
  version: 1.8.0
  resolution: "aws4@npm:1.8.0"
  checksum: 3314f3607f2b79028500e8eb98e1ba30a4fa6e2c5bedb7c471ad8ace444899f30cea32de31ec86ab4a1e34b65d523482c51a9895c6fc229c3bf75e50b68afeae
  languageName: node
  linkType: hard

"bcrypt-pbkdf@npm:^1.0.0":
  version: 1.0.2
  resolution: "bcrypt-pbkdf@npm:1.0.2"
  dependencies:
    tweetnacl: ^0.14.3
  checksum: 4edfc9fe7d07019609ccf797a2af28351736e9d012c8402a07120c4453a3b789a15f2ee1530dc49eee8f7eb9379331a8dd4b3766042b9e502f74a68e7f662291
  languageName: node
  linkType: hard

"buffer-from@npm:^1.0.0":
  version: 1.1.1
  resolution: "buffer-from@npm:1.1.1"
  checksum: ccc53b69736008bff764497367c4d24879ba7122bc619ee499ff47eef3a5b885ca496e87272e7ebffa0bec3804c83f84041c616f6e3318f40624e27c1d80f045
  languageName: node
  linkType: hard

"camelcase-keys@npm:^2.0.0":
  version: 2.1.0
  resolution: "camelcase-keys@npm:2.1.0"
  dependencies:
    camelcase: ^2.0.0
    map-obj: ^1.0.0
  checksum: 97d2993da5db44d45e285910c70a54ce7f83a2be05afceaafd9831f7aeaf38a48dcdede5ca3aae2b2694852281d38dc459706e346942c5df0bf755f4133f5c39
  languageName: node
  linkType: hard

"camelcase@npm:^2.0.0":
  version: 2.1.1
  resolution: "camelcase@npm:2.1.1"
  checksum: 20a3ef08f348de832631d605362ffe447d883ada89617144a82649363ed5860923b021f8e09681624ef774afb93ff3597cfbcf8aaf0574f65af7648f1aea5e50
  languageName: node
  linkType: hard

"caseless@npm:~0.12.0":
  version: 0.12.0
  resolution: "caseless@npm:0.12.0"
  checksum: b43bd4c440aa1e8ee6baefee8063b4850fd0d7b378f6aabc796c9ec8cb26d27fb30b46885350777d9bd079c5256c0e1329ad0dc7c2817e0bb466810ebb353751
  languageName: node
  linkType: hard

"code-point-at@npm:^1.0.0":
  version: 1.1.0
  resolution: "code-point-at@npm:1.1.0"
  checksum: 17d5666611f9b16d64fdf48176d9b7fb1c7d1c1607a189f7e600040a11a6616982876af148230336adb7d8fe728a559f743a4e29db3747e3b1a32fa7f4529681
  languageName: node
  linkType: hard

"combined-stream@npm:^1.0.6, combined-stream@npm:~1.0.6":
  version: 1.0.8
  resolution: "combined-stream@npm:1.0.8"
  dependencies:
    delayed-stream: ~1.0.0
  checksum: 49fa4aeb4916567e33ea81d088f6584749fc90c7abec76fd516bf1c5aa5c79f3584b5ba3de6b86d26ddd64bae5329c4c7479343250cfe71c75bb366eae53bb7c
  languageName: node
  linkType: hard

"concat-stream@npm:1.6.2":
  version: 1.6.2
  resolution: "concat-stream@npm:1.6.2"
  dependencies:
    buffer-from: ^1.0.0
    inherits: ^2.0.3
    readable-stream: ^2.2.2
    typedarray: ^0.0.6
  checksum: 1ef77032cb4459dcd5187bd710d6fc962b067b64ec6a505810de3d2b8cc0605638551b42f8ec91edf6fcd26141b32ef19ad749239b58fae3aba99187adc32285
  languageName: node
  linkType: hard

"core-util-is@npm:1.0.2, core-util-is@npm:~1.0.0":
  version: 1.0.2
  resolution: "core-util-is@npm:1.0.2"
  checksum: 7a4c925b497a2c91421e25bf76d6d8190f0b2359a9200dbeed136e63b2931d6294d3b1893eda378883ed363cd950f44a12a401384c609839ea616befb7927dab
  languageName: node
  linkType: hard

"currently-unhandled@npm:^0.4.1":
  version: 0.4.1
  resolution: "currently-unhandled@npm:0.4.1"
  dependencies:
    array-find-index: ^1.0.1
  checksum: 1f59fe10b5339b54b1a1eee110022f663f3495cf7cf2f480686e89edc7fa8bfe42dbab4b54f85034bc8b092a76cc7becbc2dad4f9adad332ab5831bec39ad540
  languageName: node
  linkType: hard

"dashdash@npm:^1.12.0":
  version: 1.14.1
  resolution: "dashdash@npm:1.14.1"
  dependencies:
    assert-plus: ^1.0.0
  checksum: 3634c249570f7f34e3d34f866c93f866c5b417f0dd616275decae08147dcdf8fccfaa5947380ccfb0473998ea3a8057c0b4cd90c875740ee685d0624b2983598
  languageName: node
  linkType: hard

"debug@npm:2.6.9, debug@npm:^2.1.3, debug@npm:^2.2.0":
  version: 2.6.9
  resolution: "debug@npm:2.6.9"
  dependencies:
    ms: 2.0.0
  checksum: d2f51589ca66df60bf36e1fa6e4386b318c3f1e06772280eea5b1ae9fd3d05e9c2b7fd8a7d862457d00853c75b00451aa2d7459b924629ee385287a650f58fe6
  languageName: node
  linkType: hard

"debug@npm:^3.0.0":
  version: 3.2.6
  resolution: "debug@npm:3.2.6"
  dependencies:
    ms: ^2.1.1
  checksum: 07bc8b3a13ef3cfa6c06baf7871dfb174c291e5f85dbf566f086620c16b9c1a0e93bb8f1935ebbd07a683249e7e30286f2966e2ef461e8fd17b1b60732062d6b
  languageName: node
  linkType: hard

"decamelize@npm:^1.1.2":
  version: 1.2.0
  resolution: "decamelize@npm:1.2.0"
  checksum: ad8c51a7e7e0720c70ec2eeb1163b66da03e7616d7b98c9ef43cce2416395e84c1e9548dd94f5f6ffecfee9f8b94251fc57121a8b021f2ff2469b2bae247b8aa
  languageName: node
  linkType: hard

"deep-extend@npm:^0.6.0":
  version: 0.6.0
  resolution: "deep-extend@npm:0.6.0"
  checksum: 7be7e5a8d468d6b10e6a67c3de828f55001b6eb515d014f7aeb9066ce36bd5717161eb47d6a0f7bed8a9083935b465bc163ee2581c8b128d29bf61092fdf57a7
  languageName: node
  linkType: hard

"delayed-stream@npm:~1.0.0":
  version: 1.0.0
  resolution: "delayed-stream@npm:1.0.0"
  checksum: 46fe6e83e2cb1d85ba50bd52803c68be9bd953282fa7096f51fc29edd5d67ff84ff753c51966061e5ba7cb5e47ef6d36a91924eddb7f3f3483b1c560f77a0020
  languageName: node
  linkType: hard

"ecc-jsbn@npm:~0.1.1":
  version: 0.1.2
  resolution: "ecc-jsbn@npm:0.1.2"
  dependencies:
    jsbn: ~0.1.0
    safer-buffer: ^2.1.0
  checksum: 22fef4b6203e5f31d425f5b711eb389e4c6c2723402e389af394f8411b76a488fa414d309d866e2b577ce3e8462d344205545c88a8143cc21752a5172818888a
  languageName: node
  linkType: hard

"electron-download@npm:^4.1.0":
  version: 4.1.1
  resolution: "electron-download@npm:4.1.1"
  dependencies:
    debug: ^3.0.0
    env-paths: ^1.0.0
    fs-extra: ^4.0.1
    minimist: ^1.2.0
    nugget: ^2.0.1
    path-exists: ^3.0.0
    rc: ^1.2.1
    semver: ^5.4.1
    sumchecker: ^2.0.2
  bin:
    electron-download: lib/cli.js
  checksum: d07e69e081b6f00047216d109dd127f7ac910fefac705fcc16690da36e75ab8548cbc57d20c77e9c0fcc25505b7cc1980015dbbbd97a27e17af7c8deb11ff309
  languageName: node
  linkType: hard

"electron@npm:^5.0.7":
  version: 5.0.7
  resolution: "electron@npm:5.0.7"
  dependencies:
    "@types/node": ^10.12.18
    electron-download: ^4.1.0
    extract-zip: ^1.0.3
  bin:
    electron: cli.js
  checksum: 5b5247d34a65efc851f4ba3adbc48f837cb201b1eb0b597146cb6c4348d5cdbac4f7f72d047232c277206985e1a40d3c6163a9ed7f8f9373fcb467f72c6163c2
  languageName: node
  linkType: hard

"env-paths@npm:^1.0.0":
  version: 1.0.0
  resolution: "env-paths@npm:1.0.0"
  checksum: c11ec12bea0c0a402cca799b0d7bf52470c45927bf7ccd7350525c8b6f1af1ce90c19d61ef3b134544617a406c7842d657052394c9c7cb14bc66f59f5da788ab
  languageName: node
  linkType: hard

"error-ex@npm:^1.2.0":
  version: 1.3.2
  resolution: "error-ex@npm:1.3.2"
  dependencies:
    is-arrayish: ^0.2.1
  checksum: c1c2b8b65f9c91b0f9d75f0debaa7ec5b35c266c2cac5de412c1a6de86d4cbae04ae44e510378cb14d032d0645a36925d0186f8bb7367bcc629db256b743a001
  languageName: node
  linkType: hard

"extend@npm:~3.0.2":
  version: 3.0.2
  resolution: "extend@npm:3.0.2"
  checksum: a50a8309ca65ea5d426382ff09f33586527882cf532931cb08ca786ea3146c0553310bda688710ff61d7668eba9f96b923fe1420cdf56a2c3eaf30fcab87b515
  languageName: node
  linkType: hard

"extract-zip@npm:^1.0.3":
  version: 1.6.7
  resolution: "extract-zip@npm:1.6.7"
  dependencies:
    concat-stream: 1.6.2
    debug: 2.6.9
    mkdirp: 0.5.1
    yauzl: 2.4.1
  bin:
    extract-zip: cli.js
  checksum: 27047b70ab043785f1fc89f7c041e0f97046e7c187685e119b073cffbbc8e7173b7f05a5ec7edb7d621dc6a86daf67441878ecb29d0dd078ae22764d0a934164
  languageName: node
  linkType: hard

"extsprintf@npm:1.3.0":
  version: 1.3.0
  resolution: "extsprintf@npm:1.3.0"
  checksum: cee7a4a1e34cffeeec18559109de92c27517e5641991ec6bab849aa64e3081022903dd53084f2080d0d2530803aa5ee84f1e9de642c365452f9e67be8f958ce2
  languageName: node
  linkType: hard

"extsprintf@npm:^1.2.0":
  version: 1.4.0
  resolution: "extsprintf@npm:1.4.0"
  checksum: 184dc8a413eb4b1ff16bdce797340e7ded4d28511d56a1c9afa5a95bcff6ace154063823eaf0206dbbb0d14059d74f382a15c34b7c0636fa74a7e681295eb67e
  languageName: node
  linkType: hard

"fast-deep-equal@npm:^2.0.1":
  version: 2.0.1
  resolution: "fast-deep-equal@npm:2.0.1"
  checksum: b701835a87985e0ec4925bdf1f0c1e7eb56309b5d12d534d5b4b69d95a54d65bb16861c081781ead55f73f12d6c60ba668713391ee7fbf6b0567026f579b7b0b
  languageName: node
  linkType: hard

"fast-json-stable-stringify@npm:^2.0.0":
  version: 2.0.0
  resolution: "fast-json-stable-stringify@npm:2.0.0"
  checksum: 5f776089e60a20ccdf5fd17c90590a4bb7c04c4240b2ffde1caad3949f7876a57af7094323dcb432fa6534367768ac6c6b5433a16c5241d0e2cdf0b51b7d4c9f
  languageName: node
  linkType: hard

"fd-slicer@npm:~1.0.1":
  version: 1.0.1
  resolution: "fd-slicer@npm:1.0.1"
  dependencies:
    pend: ~1.2.0
  checksum: 5a264d6da228eed31ec7b60b385667fe04c7d0ed5bd069b9fe32be51dd6ab1e1cc36b443b718948e28dbfd4d52963cffc02361d658a8e3983f009f4762d85e24
  languageName: node
  linkType: hard

"find-up@npm:^1.0.0":
  version: 1.1.2
  resolution: "find-up@npm:1.1.2"
  dependencies:
    path-exists: ^2.0.0
    pinkie-promise: ^2.0.0
  checksum: a2cb9f4c9f06ee3a1e92ed71d5aed41ac8ae30aefa568132f6c556fac7678a5035126153b59eaec68da78ac409eef02503b2b059706bdbf232668d7245e3240a
  languageName: node
  linkType: hard

"forever-agent@npm:~0.6.1":
  version: 0.6.1
  resolution: "forever-agent@npm:0.6.1"
  checksum: 766ae6e220f5fe23676bb4c6a99387cec5b7b62ceb99e10923376e27bfea72f3c3aeec2ba5f45f3f7ba65d6616965aa7c20b15002b6860833bb6e394dea546a8
  languageName: node
  linkType: hard

"form-data@npm:~2.3.2":
  version: 2.3.3
  resolution: "form-data@npm:2.3.3"
  dependencies:
    asynckit: ^0.4.0
    combined-stream: ^1.0.6
    mime-types: ^2.1.12
  checksum: 10c1780fa13dbe1ff3100114c2ce1f9307f8be10b14bf16e103815356ff567b6be39d70fc4a40f8990b9660012dc24b0f5e1dde1b6426166eb23a445ba068ca3
  languageName: node
  linkType: hard

"fs-extra@npm:^4.0.1":
  version: 4.0.3
  resolution: "fs-extra@npm:4.0.3"
  dependencies:
    graceful-fs: ^4.1.2
    jsonfile: ^4.0.0
    universalify: ^0.1.0
  checksum: c5ae3c7043ad7187128e619c0371da01b58694c1ffa02c36fb3f5b459925d9c27c3cb1e095d9df0a34a85ca993d8b8ff6f6ecef868fd5ebb243548afa7fc0936
  languageName: node
  linkType: hard

"get-stdin@npm:^4.0.1":
  version: 4.0.1
  resolution: "get-stdin@npm:4.0.1"
  checksum: 4f73d3fe0516bc1f3dc7764466a68ad7c2ba809397a02f56c2a598120e028430fcff137a648a01876b2adfb486b4bc164119f98f1f7d7c0abd63385bdaa0113f
  languageName: node
  linkType: hard

"getpass@npm:^0.1.1":
  version: 0.1.7
  resolution: "getpass@npm:0.1.7"
  dependencies:
    assert-plus: ^1.0.0
  checksum: ab18d55661db264e3eac6012c2d3daeafaab7a501c035ae0ccb193c3c23e9849c6e29b6ac762b9c2adae460266f925d55a3a2a3a3c8b94be2f222df94d70c046
  languageName: node
  linkType: hard

"graceful-fs@npm:^4.1.2, graceful-fs@npm:^4.1.6":
  version: 4.2.0
  resolution: "graceful-fs@npm:4.2.0"
  checksum: 7e605b03dc8a4b5296fd52e7b999f12f8d7e7cc32975dd78721ceac0b43086f0a42174f491cd0eab1bbc52f6807b275436a9cdc98063e4a48f0611cc802b49a6
  languageName: node
  linkType: hard

"har-schema@npm:^2.0.0":
  version: 2.0.0
  resolution: "har-schema@npm:2.0.0"
  checksum: d8946348f333fb09e2bf24cc4c67eabb47c8e1d1aa1c14184c7ffec1140a49ec8aa78aa93677ae452d71d5fc0fdeec20f0c8c1237291fc2bcb3f502a5d204f9b
  languageName: node
  linkType: hard

"har-validator@npm:~5.1.0":
  version: 5.1.3
  resolution: "har-validator@npm:5.1.3"
  dependencies:
    ajv: ^6.5.5
    har-schema: ^2.0.0
  checksum: 5903ddf55f4403bb102a86dc2da073593716c7aa422863c244cb406b69e006551553c904e30ed5d123788675ae827f977b3b366211dc730b33a2b619f926199f
  languageName: node
  linkType: hard

"hosted-git-info@npm:^2.1.4":
  version: 2.7.1
  resolution: "hosted-git-info@npm:2.7.1"
  checksum: 9213d70131437c942e1424a5ff06cae4698ec662bb89cc06a2837d57fd5389a8d3fe586b141986c2a1d2b2026a1dcd4a2c33a2db42a18f7cbd1327ed265c493c
  languageName: node
  linkType: hard

"http-signature@npm:~1.2.0":
  version: 1.2.0
  resolution: "http-signature@npm:1.2.0"
  dependencies:
    assert-plus: ^1.0.0
    jsprim: ^1.2.2
    sshpk: ^1.7.0
  checksum: 3324598712266a9683585bb84a75dec4fd550567d5e0dd4a0fff6ff3f74348793404d3eeac4918fa0902c810eeee1a86419e4a2e92a164132dfe6b26743fb47c
  languageName: node
  linkType: hard

"indent-string@npm:^2.1.0":
  version: 2.1.0
  resolution: "indent-string@npm:2.1.0"
  dependencies:
    repeating: ^2.0.0
  checksum: 2fe7124311435f4d7a98f0a314d8259a4ec47ecb221110a58e2e2073e5f75c8d2b4f775f2ed199598fbe20638917e57423096539455ca8bff8eab113c9bee12c
  languageName: node
  linkType: hard

"inherits@npm:^2.0.3, inherits@npm:~2.0.1, inherits@npm:~2.0.3":
  version: 2.0.4
  resolution: "inherits@npm:2.0.4"
  checksum: 4a48a733847879d6cf6691860a6b1e3f0f4754176e4d71494c41f3475553768b10f84b5ce1d40fbd0e34e6bfbb864ee35858ad4dd2cf31e02fc4a154b724d7f1
  languageName: node
  linkType: hard

"ini@npm:~1.3.0":
  version: 1.3.5
  resolution: "ini@npm:1.3.5"
  checksum: a4c1652f481a7770f6c4d223dbc0ea3cbbe253f7af8ddc8276e22e1185ab8252404dd0ca2ba625e4829a507b3e8e1ec3df38243d0cc4b20dbe915a22118d3f98
  languageName: node
  linkType: hard

"initial@workspace:.":
  version: 0.0.0-use.local
  resolution: "initial@workspace:."
  dependencies:
    electron: ^5.0.7
    react: ^16.14.0
    react-dom: ^16.14.0
  languageName: unknown
  linkType: soft

"is-arrayish@npm:^0.2.1":
  version: 0.2.1
  resolution: "is-arrayish@npm:0.2.1"
  checksum: eef4417e3c10e60e2c810b6084942b3ead455af16c4509959a27e490e7aee87cfb3f38e01bbde92220b528a0ee1a18d52b787e1458ee86174d8c7f0e58cd488f
  languageName: node
  linkType: hard

"is-finite@npm:^1.0.0":
  version: 1.0.2
  resolution: "is-finite@npm:1.0.2"
  dependencies:
    number-is-nan: ^1.0.0
  checksum: 4619b69013b276561ce2979b0d4fd121514eefdc8a654ceb80ab5bc01e7a57e95fe188f0902eed1737ac3dbf10448e72f7308ecac14a270bace8364f856faf26
  languageName: node
  linkType: hard

"is-fullwidth-code-point@npm:^1.0.0":
  version: 1.0.0
  resolution: "is-fullwidth-code-point@npm:1.0.0"
  dependencies:
    number-is-nan: ^1.0.0
  checksum: 4d46a7465a66a8aebcc5340d3b63a56602133874af576a9ca42c6f0f4bd787a743605771c5f246db77da96605fefeffb65fc1dbe862dcc7328f4b4d03edf5a57
  languageName: node
  linkType: hard

"is-typedarray@npm:~1.0.0":
  version: 1.0.0
  resolution: "is-typedarray@npm:1.0.0"
  checksum: 3508c6cd0a9ee2e0df2fa2e9baabcdc89e911c7bd5cf64604586697212feec525aa21050e48affb5ffc3df20f0f5d2e2cf79b08caa64e1ccc9578e251763aef7
  languageName: node
  linkType: hard

"is-utf8@npm:^0.2.0":
  version: 0.2.1
  resolution: "is-utf8@npm:0.2.1"
  checksum: 167ccd2be869fc228cc62c1a28df4b78c6b5485d15a29027d3b5dceb09b383e86a3522008b56dcac14b592b22f0a224388718c2505027a994fd8471465de54b3
  languageName: node
  linkType: hard

"isarray@npm:0.0.1":
  version: 0.0.1
  resolution: "isarray@npm:0.0.1"
  checksum: 49191f1425681df4a18c2f0f93db3adb85573bcdd6a4482539d98eac9e705d8961317b01175627e860516a2fc45f8f9302db26e5a380a97a520e272e2a40a8d4
  languageName: node
  linkType: hard

"isarray@npm:~1.0.0":
  version: 1.0.0
  resolution: "isarray@npm:1.0.0"
  checksum: f032df8e02dce8ec565cf2eb605ea939bdccea528dbcf565cdf92bfa2da9110461159d86a537388ef1acef8815a330642d7885b29010e8f7eac967c9993b65ab
  languageName: node
  linkType: hard

"isstream@npm:~0.1.2":
  version: 0.1.2
  resolution: "isstream@npm:0.1.2"
  checksum: 1eb2fe63a729f7bdd8a559ab552c69055f4f48eb5c2f03724430587c6f450783c8f1cd936c1c952d0a927925180fcc892ebd5b174236cf1065d4bd5bdb37e963
  languageName: node
  linkType: hard

"js-tokens@npm:^3.0.0 || ^4.0.0":
  version: 4.0.0
  resolution: "js-tokens@npm:4.0.0"
  checksum: 8a95213a5a77deb6cbe94d86340e8d9ace2b93bc367790b260101d2f36a2eaf4e4e22d9fa9cf459b38af3a32fb4190e638024cf82ec95ef708680e405ea7cc78
  languageName: node
  linkType: hard

"jsbn@npm:~0.1.0":
  version: 0.1.1
  resolution: "jsbn@npm:0.1.1"
  checksum: e5ff29c1b8d965017ef3f9c219dacd6e40ad355c664e277d31246c90545a02e6047018c16c60a00f36d561b3647215c41894f5d869ada6908a2e0ce4200c88f2
  languageName: node
  linkType: hard

"json-schema-traverse@npm:^0.4.1":
  version: 0.4.1
  resolution: "json-schema-traverse@npm:0.4.1"
  checksum: 7486074d3ba247769fda17d5181b345c9fb7d12e0da98b22d1d71a5db9698d8b4bd900a3ec1a4ffdd60846fc2556274a5c894d0c48795f14cb03aeae7b55260b
  languageName: node
  linkType: hard

"json-schema@npm:0.2.3":
  version: 0.2.3
  resolution: "json-schema@npm:0.2.3"
  checksum: bbc2070988fb5f2a2266a31b956f1b5660e03ea7eaa95b33402901274f625feb586ae0c485e1df854fde40a7f0dc679f3b3ca8e5b8d31f8ea07a0d834de785c7
  languageName: node
  linkType: hard

"json-stringify-safe@npm:~5.0.1":
  version: 5.0.1
  resolution: "json-stringify-safe@npm:5.0.1"
  checksum: 48ec0adad5280b8a96bb93f4563aa1667fd7a36334f79149abd42446d0989f2ddc58274b479f4819f1f00617957e6344c886c55d05a4e15ebb4ab931e4a6a8ee
  languageName: node
  linkType: hard

"jsonfile@npm:^4.0.0":
  version: 4.0.0
  resolution: "jsonfile@npm:4.0.0"
  dependencies:
    graceful-fs: ^4.1.6
  dependenciesMeta:
    graceful-fs:
      optional: true
  checksum: 6447d6224f0d31623eef9b51185af03ac328a7553efcee30fa423d98a9e276ca08db87d71e17f2310b0263fd3ffa6c2a90a6308367f661dc21580f9469897c9e
  languageName: node
  linkType: hard

"jsprim@npm:^1.2.2":
  version: 1.4.1
  resolution: "jsprim@npm:1.4.1"
  dependencies:
    assert-plus: 1.0.0
    extsprintf: 1.3.0
    json-schema: 0.2.3
    verror: 1.10.0
  checksum: 6bcb20ec265ae18bb48e540a6da2c65f9c844f7522712d6dfcb01039527a49414816f4869000493363f1e1ea96cbad00e46188d5ecc78257a19f152467587373
  languageName: node
  linkType: hard

"load-json-file@npm:^1.0.0":
  version: 1.1.0
  resolution: "load-json-file@npm:1.1.0"
  dependencies:
    graceful-fs: ^4.1.2
    parse-json: ^2.2.0
    pify: ^2.0.0
    pinkie-promise: ^2.0.0
    strip-bom: ^2.0.0
  checksum: 0e4e4f380d897e13aa236246a917527ea5a14e4fc34d49e01ce4e7e2a1e08e2740ee463a03fb021c04f594f29a178f4adb994087549d7c1c5315fcd29bf9934b
  languageName: node
  linkType: hard

"loose-envify@npm:^1.1.0, loose-envify@npm:^1.4.0":
  version: 1.4.0
  resolution: "loose-envify@npm:1.4.0"
  dependencies:
    js-tokens: ^3.0.0 || ^4.0.0
  bin:
    loose-envify: cli.js
  checksum: 6517e24e0cad87ec9888f500c5b5947032cdfe6ef65e1c1936a0c48a524b81e65542c9c3edc91c97d5bddc806ee2a985dbc79be89215d613b1de5db6d1cfe6f4
  languageName: node
  linkType: hard

"loud-rejection@npm:^1.0.0":
  version: 1.6.0
  resolution: "loud-rejection@npm:1.6.0"
  dependencies:
    currently-unhandled: ^0.4.1
    signal-exit: ^3.0.0
  checksum: 750e12defde34e8cbf263c2bff16f028a89b56e022ad6b368aa7c39495b5ac33f2349a8d00665a9b6d25c030b376396524d8a31eb0dde98aaa97956d7324f927
  languageName: node
  linkType: hard

"map-obj@npm:^1.0.0, map-obj@npm:^1.0.1":
  version: 1.0.1
  resolution: "map-obj@npm:1.0.1"
  checksum: 9949e7baec2a336e63b8d4dc71018c117c3ce6e39d2451ccbfd3b8350c547c4f6af331a4cbe1c83193d7c6b786082b6256bde843db90cb7da2a21e8fcc28afed
  languageName: node
  linkType: hard

"meow@npm:^3.1.0":
  version: 3.7.0
  resolution: "meow@npm:3.7.0"
  dependencies:
    camelcase-keys: ^2.0.0
    decamelize: ^1.1.2
    loud-rejection: ^1.0.0
    map-obj: ^1.0.1
    minimist: ^1.1.3
    normalize-package-data: ^2.3.4
    object-assign: ^4.0.1
    read-pkg-up: ^1.0.1
    redent: ^1.0.0
    trim-newlines: ^1.0.0
  checksum: 65a412e5d0d643615508007a9292799bb3e4e690597d54c9e98eb0ca3adb7b8ca8899f41ea7cb7d8277129cdcd9a1a60202b31f88e0034e6aaae02894d80999a
  languageName: node
  linkType: hard

"mime-db@npm:1.40.0":
  version: 1.40.0
  resolution: "mime-db@npm:1.40.0"
  checksum: df6220a51cff688e9bb58f51afc3eda43e39bd1fdb975bc3e013c26676f9e799e3041f93a17c7c651f65fd066616e5947b4b51f0da03591edebaf8821aa00602
  languageName: node
  linkType: hard

"mime-types@npm:^2.1.12, mime-types@npm:~2.1.19":
  version: 2.1.24
  resolution: "mime-types@npm:2.1.24"
  dependencies:
    mime-db: 1.40.0
  checksum: e54c1e160889270044f78574f72db5f158cd69179a023b6a6dfd8254c675ec6ca2f9670391428eaf74b73735d76d5680d9e5abac0d8e259138072fd9f25e13f5
  languageName: node
  linkType: hard

"minimist@npm:0.0.8":
  version: 0.0.8
  resolution: "minimist@npm:0.0.8"
  checksum: 042f8b626b1fa44dffc23bac55771425ac4ee9d267b56f9064c07713e516e1799f3ba933bb628d2475a210caf7dcdb98161611baa1f0daf49309a944cb4bc48f
  languageName: node
  linkType: hard

"minimist@npm:^1.1.0, minimist@npm:^1.1.3, minimist@npm:^1.2.0":
  version: 1.2.0
  resolution: "minimist@npm:1.2.0"
  checksum: 72473f0fce6692cf1e134dfdccfcfddd64d354d465dac3e43053e0c6d398eb9684c9d964f666e3c1be93829de47cb1ddf3cd26d4071322ed25fbaa625441dd85
  languageName: node
  linkType: hard

"mkdirp@npm:0.5.1":
  version: 0.5.1
  resolution: "mkdirp@npm:0.5.1"
  dependencies:
    minimist: 0.0.8
  bin:
    mkdirp: bin/cmd.js
  checksum: ed1ab49bb1d06c88dba7cfe930a3186f2605b5465aab7c8f24119baaba6e38f9ab4ac1695c68f476c65a48df2a69a8495049cd6e26c360ea082151a0771343d2
  languageName: node
  linkType: hard

"ms@npm:2.0.0":
  version: 2.0.0
  resolution: "ms@npm:2.0.0"
  checksum: 0e6a22b8b746d2e0b65a430519934fefd41b6db0682e3477c10f60c76e947c4c0ad06f63ffdf1d78d335f83edee8c0aa928aa66a36c7cd95b69b26f468d527f4
  languageName: node
  linkType: hard

"ms@npm:^2.1.1":
  version: 2.1.2
  resolution: "ms@npm:2.1.2"
  checksum: 673cdb2c3133eb050c745908d8ce632ed2c02d85640e2edb3ace856a2266a813b30c613569bf3354fdf4ea7d1a1494add3bfa95e2713baa27d0c2c71fc44f58f
  languageName: node
  linkType: hard

"normalize-package-data@npm:^2.3.2, normalize-package-data@npm:^2.3.4":
  version: 2.5.0
  resolution: "normalize-package-data@npm:2.5.0"
  dependencies:
    hosted-git-info: ^2.1.4
    resolve: ^1.10.0
    semver: 2 || 3 || 4 || 5
    validate-npm-package-license: ^3.0.1
  checksum: 7999112efc35a6259bc22db460540cae06564aa65d0271e3bdfa86876d08b0e578b7b5b0028ee61b23f1cae9fc0e7847e4edc0948d3068a39a2a82853efc8499
  languageName: node
  linkType: hard

"nugget@npm:^2.0.1":
  version: 2.0.1
  resolution: "nugget@npm:2.0.1"
  dependencies:
    debug: ^2.1.3
    minimist: ^1.1.0
    pretty-bytes: ^1.0.2
    progress-stream: ^1.1.0
    request: ^2.45.0
    single-line-log: ^1.1.2
    throttleit: 0.0.2
  bin:
    nugget: bin.js
  checksum: e4ffd42a59dd88b818a8e92a04e4852d6e3a21c5a55009a42be1d27f9ca46905ba0abe216fdd1aecc0fa70a6b4f6a830cd8b5b928c6019fd3bb607423cc9760d
  languageName: node
  linkType: hard

"number-is-nan@npm:^1.0.0":
  version: 1.0.1
  resolution: "number-is-nan@npm:1.0.1"
  checksum: 13656bc9aa771b96cef209ffca31c31a03b507ca6862ba7c3f638a283560620d723d52e626d57892c7fff475f4c36ac07f0600f14544692ff595abff214b9ffb
  languageName: node
  linkType: hard

"oauth-sign@npm:~0.9.0":
  version: 0.9.0
  resolution: "oauth-sign@npm:0.9.0"
  checksum: 8f5497a127967866a3c67094c21efd295e46013a94e6e828573c62220e9af568cc1d2d04b16865ba583e430510fa168baf821ea78f355146d8ed7e350fc44c64
  languageName: node
  linkType: hard

"object-assign@npm:^4.0.1, object-assign@npm:^4.1.1":
  version: 4.1.1
  resolution: "object-assign@npm:4.1.1"
  checksum: fcc6e4ea8c7fe48abfbb552578b1c53e0d194086e2e6bbbf59e0a536381a292f39943c6e9628af05b5528aa5e3318bb30d6b2e53cadaf5b8fe9e12c4b69af23f
  languageName: node
  linkType: hard

"object-keys@npm:~0.4.0":
  version: 0.4.0
  resolution: "object-keys@npm:0.4.0"
  checksum: 1be3ebe9b48c0d5eda8e4a30657d887a748cb42435e0e2eaf49faf557bdd602cd2b7558b8ce90a4eb2b8592d16b875a1900bce859cbb0f35b21c67e11a45313c
  languageName: node
  linkType: hard

"parse-json@npm:^2.2.0":
  version: 2.2.0
  resolution: "parse-json@npm:2.2.0"
  dependencies:
    error-ex: ^1.2.0
  checksum: dda78a63e57a47b713a038630868538f718a7ca0cd172a36887b0392ccf544ed0374902eb28f8bf3409e8b71d62b79d17062f8543afccf2745f9b0b2d2bb80ca
  languageName: node
  linkType: hard

"path-exists@npm:^2.0.0":
  version: 2.1.0
  resolution: "path-exists@npm:2.1.0"
  dependencies:
    pinkie-promise: ^2.0.0
  checksum: fdb734f1d00f225f7a0033ce6d73bff6a7f76ea08936abf0e5196fa6e54a645103538cd8aedcb90d6d8c3fa3705ded0c58a4da5948ae92aa8834892c1ab44a84
  languageName: node
  linkType: hard

"path-exists@npm:^3.0.0":
  version: 3.0.0
  resolution: "path-exists@npm:3.0.0"
  checksum: 96e92643aa34b4b28d0de1cd2eba52a1c5313a90c6542d03f62750d82480e20bfa62bc865d5cfc6165f5fcd5aeb0851043c40a39be5989646f223300021bae0a
  languageName: node
  linkType: hard

"path-parse@npm:^1.0.6":
  version: 1.0.6
  resolution: "path-parse@npm:1.0.6"
  checksum: 962a85dd384d68d469ec5ba4010df8f8f9b7e936ce603bbe3211476c5615feb3c2b1ca61211a78445fadc833f0b1a86ea6484c861035ec4ac93011ba9aff9a11
  languageName: node
  linkType: hard

"path-type@npm:^1.0.0":
  version: 1.1.0
  resolution: "path-type@npm:1.1.0"
  dependencies:
    graceful-fs: ^4.1.2
    pify: ^2.0.0
    pinkie-promise: ^2.0.0
  checksum: 59a4b2c0e566baf4db3021a1ed4ec09a8b36fca960a490b54a6bcefdb9987dafe772852982b6011cd09579478a96e57960a01f75fa78a794192853c9d468fc79
  languageName: node
  linkType: hard

"pend@npm:~1.2.0":
  version: 1.2.0
  resolution: "pend@npm:1.2.0"
  checksum: 6c72f5243303d9c60bd98e6446ba7d30ae29e3d56fdb6fae8767e8ba6386f33ee284c97efe3230a0d0217e2b1723b8ab490b1bbf34fcbb2180dbc8a9de47850d
  languageName: node
  linkType: hard

"performance-now@npm:^2.1.0":
  version: 2.1.0
  resolution: "performance-now@npm:2.1.0"
  checksum: 534e641aa8f7cba160f0afec0599b6cecefbb516a2e837b512be0adbe6c1da5550e89c78059c7fabc5c9ffdf6627edabe23eb7c518c4500067a898fa65c2b550
  languageName: node
  linkType: hard

"pify@npm:^2.0.0":
  version: 2.3.0
  resolution: "pify@npm:2.3.0"
  checksum: 9503aaeaf4577acc58642ad1d25c45c6d90288596238fb68f82811c08104c800e5a7870398e9f015d82b44ecbcbef3dc3d4251a1cbb582f6e5959fe09884b2ba
  languageName: node
  linkType: hard

"pinkie-promise@npm:^2.0.0":
  version: 2.0.1
  resolution: "pinkie-promise@npm:2.0.1"
  dependencies:
    pinkie: ^2.0.0
  checksum: b53a4a2e73bf56b6f421eef711e7bdcb693d6abb474d57c5c413b809f654ba5ee750c6a96dd7225052d4b96c4d053cdcb34b708a86fceed4663303abee52fcca
  languageName: node
  linkType: hard

"pinkie@npm:^2.0.0":
  version: 2.0.4
  resolution: "pinkie@npm:2.0.4"
  checksum: b12b10afea1177595aab036fc220785488f67b4b0fc49e7a27979472592e971614fa1c728e63ad3e7eb748b4ec3c3dbd780819331dad6f7d635c77c10537b9db
  languageName: node
  linkType: hard

"pretty-bytes@npm:^1.0.2":
  version: 1.0.4
  resolution: "pretty-bytes@npm:1.0.4"
  dependencies:
    get-stdin: ^4.0.1
    meow: ^3.1.0
  bin:
    pretty-bytes: cli.js
  checksum: 30c8d87bf8c703ba50d524662a7259e60e8b46ff1ede0061bbe30679d0ba7e7860b9d16c5cc9c7a526ef64a6ac26ed3c17b4e3843e9e8c590a7c975d96e64cab
  languageName: node
  linkType: hard

"process-nextick-args@npm:~2.0.0":
  version: 2.0.1
  resolution: "process-nextick-args@npm:2.0.1"
  checksum: 1d38588e520dab7cea67cbbe2efdd86a10cc7a074c09657635e34f035277b59fbb57d09d8638346bf7090f8e8ebc070c96fa5fd183b777fff4f5edff5e9466cf
  languageName: node
  linkType: hard

"progress-stream@npm:^1.1.0":
  version: 1.2.0
  resolution: "progress-stream@npm:1.2.0"
  dependencies:
    speedometer: ~0.1.2
    through2: ~0.2.3
  checksum: dcfb5e7173b17aa0df84caeebd1550401ea93d48dcad76972f1e256769d87df8b49cb18ad9ddb456873455762e85feb511c044ad4c7839ff5b96dd1acfa3f674
  languageName: node
  linkType: hard

"prop-types@npm:^15.6.2":
  version: 15.7.2
  resolution: "prop-types@npm:15.7.2"
  dependencies:
    loose-envify: ^1.4.0
    object-assign: ^4.1.1
    react-is: ^16.8.1
  checksum: 5eef82fdda64252c7e75aa5c8cc28a24bbdece0f540adb60ce67c205cf978a5bd56b83e4f269f91c6e4dcfd80b36f2a2dec24d362e278913db2086ca9c6f9430
  languageName: node
  linkType: hard

"psl@npm:^1.1.24":
  version: 1.2.0
  resolution: "psl@npm:1.2.0"
  checksum: 70d31748fc39dfbf0d987b5a021b813ec9bf7e4089379f2aade806a70de0ba744adef1598f4468bfabd6f9f30a88c191b0aedb26935ed9bc41cddf2943e9b4ac
  languageName: node
  linkType: hard

"punycode@npm:^1.4.1":
  version: 1.4.1
  resolution: "punycode@npm:1.4.1"
  checksum: fa6e698cb53db45e4628559e557ddaf554103d2a96a1d62892c8f4032cd3bc8871796cae9eabc1bc700e2b6677611521ce5bb1d9a27700086039965d0cf34518
  languageName: node
  linkType: hard

"punycode@npm:^2.1.0":
  version: 2.1.1
  resolution: "punycode@npm:2.1.1"
  checksum: 823bf443c6dd14f669984dea25757b37993f67e8d94698996064035edd43bed8a5a17a9f12e439c2b35df1078c6bec05a6c86e336209eb1061e8025c481168e8
  languageName: node
  linkType: hard

"qs@npm:~6.5.2":
  version: 6.5.2
  resolution: "qs@npm:6.5.2"
  checksum: 24af7b9928ba2141233fba2912876ff100403dba1b08b20c3b490da9ea6c636760445ea2211a079e7dfa882a5cf8f738337b3748c8bdd0f93358fa8881d2db8f
  languageName: node
  linkType: hard

"rc@npm:^1.2.1":
  version: 1.2.8
  resolution: "rc@npm:1.2.8"
  dependencies:
    deep-extend: ^0.6.0
    ini: ~1.3.0
    minimist: ^1.2.0
    strip-json-comments: ~2.0.1
  bin:
    rc: ./cli.js
  checksum: 2e26e052f8be2abd64e6d1dabfbd7be03f80ec18ccbc49562d31f617d0015fbdbcf0f9eed30346ea6ab789e0fdfe4337f033f8016efdbee0df5354751842080e
  languageName: node
  linkType: hard

"react-dom@npm:^16.14.0":
  version: 16.14.0
  resolution: "react-dom@npm:16.14.0"
  dependencies:
    loose-envify: ^1.1.0
    object-assign: ^4.1.1
    prop-types: ^15.6.2
    scheduler: ^0.19.1
  peerDependencies:
    react: ^16.14.0
  checksum: 5a5c49da0f106b2655a69f96c622c347febcd10532db391c262b26aec225b235357d9da1834103457683482ab1b229af7a50f6927a6b70e53150275e31785544
  languageName: node
  linkType: hard

"react-is@npm:^16.8.1":
  version: 16.8.6
  resolution: "react-is@npm:16.8.6"
  checksum: 9dfcf465def71ba96e7d77d7e9c49a6cce7e9017dada5a13001bfe5a1b60f4bfb00a839a7847245ffcd4d1d6518b4b52787e6f2a4275f3c6bbc1243bd1dbeb9d
  languageName: node
  linkType: hard

"react@npm:^16.14.0":
  version: 16.14.0
  resolution: "react@npm:16.14.0"
  dependencies:
    loose-envify: ^1.1.0
    object-assign: ^4.1.1
    prop-types: ^15.6.2
  checksum: 8484f3ecb13414526f2a7412190575fc134da785c02695eb92bb6028c930bfe1c238d7be2a125088fec663cc7cda0a3623373c46807cf2c281f49c34b79881ac
  languageName: node
  linkType: hard

"read-pkg-up@npm:^1.0.1":
  version: 1.0.1
  resolution: "read-pkg-up@npm:1.0.1"
  dependencies:
    find-up: ^1.0.0
    read-pkg: ^1.0.0
  checksum: d18399a0f46e2da32beb2f041edd0cda49d2f2cc30195a05c759ef3ed9b5e6e19ba1ad1bae2362bdec8c6a9f2c3d18f4d5e8c369e808b03d498d5781cb9122c7
  languageName: node
  linkType: hard

"read-pkg@npm:^1.0.0":
  version: 1.1.0
  resolution: "read-pkg@npm:1.1.0"
  dependencies:
    load-json-file: ^1.0.0
    normalize-package-data: ^2.3.2
    path-type: ^1.0.0
  checksum: a0f5d5e32227ec8e6a028dd5c5134eab229768dcb7a5d9a41a284ed28ad4b9284fecc47383dc1593b5694f4de603a7ffaee84b738956b9b77e0999567485a366
  languageName: node
  linkType: hard

"readable-stream@npm:^2.2.2":
  version: 2.3.6
  resolution: "readable-stream@npm:2.3.6"
  dependencies:
    core-util-is: ~1.0.0
    inherits: ~2.0.3
    isarray: ~1.0.0
    process-nextick-args: ~2.0.0
    safe-buffer: ~5.1.1
    string_decoder: ~1.1.1
    util-deprecate: ~1.0.1
  checksum: 686bbf9e2300cd24bbd71ba8999202613ef19441da9223bfe2c7da4f0dfab233302e2604846e9b8e814664ccdf365881e593da963ac9e2120abfa21f14f257fb
  languageName: node
  linkType: hard

"readable-stream@npm:~1.1.9":
  version: 1.1.14
  resolution: "readable-stream@npm:1.1.14"
  dependencies:
    core-util-is: ~1.0.0
    inherits: ~2.0.1
    isarray: 0.0.1
    string_decoder: ~0.10.x
  checksum: 17dfeae3e909945a4a1abc5613ea92d03269ef54c49288599507fc98ff4615988a1c39a999dcf9aacba70233d9b7040bc11a5f2bfc947e262dedcc0a8b32b5a0
  languageName: node
  linkType: hard

"redent@npm:^1.0.0":
  version: 1.0.0
  resolution: "redent@npm:1.0.0"
  dependencies:
    indent-string: ^2.1.0
    strip-indent: ^1.0.1
  checksum: 2bb8f76fda9c9f44e26620047b0ba9dd1834b0a80309d0badcc23fdcf7bb27a7ca74e66b683baa0d4b8cb5db787f11be086504036d63447976f409dd3e73fd7d
  languageName: node
  linkType: hard

"repeating@npm:^2.0.0":
  version: 2.0.1
  resolution: "repeating@npm:2.0.1"
  dependencies:
    is-finite: ^1.0.0
  checksum: d2db0b69c5cb0c14dd750036e0abcd6b3c3f7b2da3ee179786b755cf737ca15fa0fff417ca72de33d6966056f4695440e680a352401fc02c95ade59899afbdd0
  languageName: node
  linkType: hard

"request@npm:^2.45.0":
  version: 2.88.0
  resolution: "request@npm:2.88.0"
  dependencies:
    aws-sign2: ~0.7.0
    aws4: ^1.8.0
    caseless: ~0.12.0
    combined-stream: ~1.0.6
    extend: ~3.0.2
    forever-agent: ~0.6.1
    form-data: ~2.3.2
    har-validator: ~5.1.0
    http-signature: ~1.2.0
    is-typedarray: ~1.0.0
    isstream: ~0.1.2
    json-stringify-safe: ~5.0.1
    mime-types: ~2.1.19
    oauth-sign: ~0.9.0
    performance-now: ^2.1.0
    qs: ~6.5.2
    safe-buffer: ^5.1.2
    tough-cookie: ~2.4.3
    tunnel-agent: ^0.6.0
    uuid: ^3.3.2
  checksum: aecf4f8cdb0ebd5feac5e29b748d6ab376ac5717ddcbc5a6bb24cc3808bde755ff0fa3a8379a2d25f6c4b969ced1ac065d22a615c71747cd305731efa643e30d
  languageName: node
  linkType: hard

"resolve@npm:^1.10.0":
  version: 1.11.1
  resolution: "resolve@npm:1.11.1"
  dependencies:
    path-parse: ^1.0.6
  checksum: 159d576da0a48c68c9b02b10bbf6a6b04bae17b468a53886d310199606a09f77eb6c2afa3da562429e1d1333a056d567bc0c13000935d14fa506476607bba254
  languageName: node
  linkType: hard

"resolve@patch:resolve@^1.10.0#~builtin<compat/resolve>":
  version: 1.11.1
  resolution: "resolve@patch:resolve@npm%3A1.11.1#~builtin<compat/resolve>::version=1.11.1&hash=07638b"
  dependencies:
    path-parse: ^1.0.6
  checksum: fc3e272f1b1016888441d4d78591f7cfa7eed88a24e3d1fa52299e91135c37fd455232c394972b8e1fcc1b8433b62db943d1a7cc4f18a7a0593eb15f99668777
  languageName: node
  linkType: hard

"safe-buffer@npm:^5.0.1, safe-buffer@npm:^5.1.2":
  version: 5.2.0
  resolution: "safe-buffer@npm:5.2.0"
  checksum: 91d50127aeaee9b8cb1ee12c810d719e29813d1ab1ce6d1b4704cd9ca0e0bfa47455e02cf1bb238be90f2db764447f058fbaef1a1018ae8387c692615d72f86c
  languageName: node
  linkType: hard

"safe-buffer@npm:~5.1.0, safe-buffer@npm:~5.1.1":
  version: 5.1.2
  resolution: "safe-buffer@npm:5.1.2"
  checksum: f2f1f7943ca44a594893a852894055cf619c1fbcb611237fc39e461ae751187e7baf4dc391a72125e0ac4fb2d8c5c0b3c71529622e6a58f46b960211e704903c
  languageName: node
  linkType: hard

"safer-buffer@npm:^2.0.2, safer-buffer@npm:^2.1.0, safer-buffer@npm:~2.1.0":
  version: 2.1.2
  resolution: "safer-buffer@npm:2.1.2"
  checksum: cab8f25ae6f1434abee8d80023d7e72b598cf1327164ddab31003c51215526801e40b66c5e65d658a0af1e9d6478cadcb4c745f4bd6751f97d8644786c0978b0
  languageName: node
  linkType: hard

"scheduler@npm:^0.19.1":
  version: 0.19.1
  resolution: "scheduler@npm:0.19.1"
  dependencies:
    loose-envify: ^1.1.0
    object-assign: ^4.1.1
  checksum: 73e185a59e2ff5aa3609f5b9cb97ddd376f89e1610579d29939d952411ca6eb7a24907a4ea4556569dacb931467a1a4a56d94fe809ef713aa76748642cd96a6c
  languageName: node
  linkType: hard

"semver@npm:2 || 3 || 4 || 5, semver@npm:^5.4.1":
  version: 5.7.0
  resolution: "semver@npm:5.7.0"
  bin:
    semver: ./bin/semver
  checksum: 25d150834511d12ae0c1a0f012f294cb176b1497534c51c5ebb6209b7e8ab3845c6df4f1c078921487e6bcfcf0abd56ffdcabf38ef26d4e1bd93fdca0762cae4
  languageName: node
  linkType: hard

"signal-exit@npm:^3.0.0":
  version: 3.0.2
  resolution: "signal-exit@npm:3.0.2"
  checksum: ccc08b9ad53644154d274ed147bb5e6cd5fd09c81bc6480a93bbe581f9030a599882907f78b305b81214ea725be7c09ed9182b58c675a148a1fe48cd50e43b2b
  languageName: node
  linkType: hard

"single-line-log@npm:^1.1.2":
  version: 1.1.2
  resolution: "single-line-log@npm:1.1.2"
  dependencies:
    string-width: ^1.0.1
  checksum: 059824dcf984184c023acab0e4d7e2154751afa253d8a239fe46bc22f6cfc0de75d356672755325e24109257c809b5996b21439c8d06ce8825aa224e62780236
  languageName: node
  linkType: hard

"spdx-correct@npm:^3.0.0":
  version: 3.1.0
  resolution: "spdx-correct@npm:3.1.0"
  dependencies:
    spdx-expression-parse: ^3.0.0
    spdx-license-ids: ^3.0.0
  checksum: fda9fc191e8e45209049054119e1343f4a449d54b677f38bd7b47956eac47d31d065d8fb7a58d2430d5974fcb6d88c9faada02e935847f9ed386073c18ba5c8a
  languageName: node
  linkType: hard

"spdx-exceptions@npm:^2.1.0":
  version: 2.2.0
  resolution: "spdx-exceptions@npm:2.2.0"
  checksum: 29189de3f60ac6d74d84fa85cfc49ca6a838f710242db99d9414461c2c1717ca3f4aae59b2ce57a99cf6427adc62bdcc4c198fb7ae17383497e5e85cc851f8d7
  languageName: node
  linkType: hard

"spdx-expression-parse@npm:^3.0.0":
  version: 3.0.0
  resolution: "spdx-expression-parse@npm:3.0.0"
  dependencies:
    spdx-exceptions: ^2.1.0
    spdx-license-ids: ^3.0.0
  checksum: 308c8c4925f3a584d5740e2d13615aa90e800fc16f9f794195723c9a3f56030096bf5cf34f68b2b05aedac292edd48fe7d51bac13e77e6f94abf921044e40248
  languageName: node
  linkType: hard

"spdx-license-ids@npm:^3.0.0":
  version: 3.0.5
  resolution: "spdx-license-ids@npm:3.0.5"
  checksum: b1ceea3f87407ec375d1de90f6fc7610d6c845ff5f8db21d4d752b3d4e121df563c78113df7c564daff4e8778ad54b9a9024a7e9ea3779f13a43dd0e9128c08e
  languageName: node
  linkType: hard

"speedometer@npm:~0.1.2":
  version: 0.1.4
  resolution: "speedometer@npm:0.1.4"
  checksum: 870fde43572f61a3face661392696484615c2b40aa2c6555a546fe0aea1e0a634730af1e0941977fb4f21769f6cd7bbf8cd9e3d660be0326f2ad4af31345ed18
  languageName: node
  linkType: hard

"sshpk@npm:^1.7.0":
  version: 1.16.1
  resolution: "sshpk@npm:1.16.1"
  dependencies:
    asn1: ~0.2.3
    assert-plus: ^1.0.0
    bcrypt-pbkdf: ^1.0.0
    dashdash: ^1.12.0
    ecc-jsbn: ~0.1.1
    getpass: ^0.1.1
    jsbn: ~0.1.0
    safer-buffer: ^2.0.2
    tweetnacl: ~0.14.0
  bin:
    sshpk-conv: bin/sshpk-conv
    sshpk-sign: bin/sshpk-sign
    sshpk-verify: bin/sshpk-verify
  checksum: 5e76afd1cedc780256f688b7c09327a8a650902d18e284dfeac97489a735299b03c3e72c6e8d22af03dbbe4d6f123fdfd5f3c4ed6bedbec72b9529a55051b857
  languageName: node
  linkType: hard

"string-width@npm:^1.0.1":
  version: 1.0.2
  resolution: "string-width@npm:1.0.2"
  dependencies:
    code-point-at: ^1.0.0
    is-fullwidth-code-point: ^1.0.0
    strip-ansi: ^3.0.0
  checksum: 5c79439e95bc3bd7233a332c5f5926ab2ee90b23816ed4faa380ce3b2576d7800b0a5bb15ae88ed28737acc7ea06a518c2eef39142dd727adad0e45c776cd37e
  languageName: node
  linkType: hard

"string_decoder@npm:~0.10.x":
  version: 0.10.31
  resolution: "string_decoder@npm:0.10.31"
  checksum: fe00f8e303647e5db919948ccb5ce0da7dea209ab54702894dd0c664edd98e5d4df4b80d6fabf7b9e92b237359d21136c95bf068b2f7760b772ca974ba970202
  languageName: node
  linkType: hard

"string_decoder@npm:~1.1.1":
  version: 1.1.1
  resolution: "string_decoder@npm:1.1.1"
  dependencies:
    safe-buffer: ~5.1.0
  checksum: 9ab7e56f9d60a28f2be697419917c50cac19f3e8e6c28ef26ed5f4852289fe0de5d6997d29becf59028556f2c62983790c1d9ba1e2a3cc401768ca12d5183a5b
  languageName: node
  linkType: hard

"strip-ansi@npm:^3.0.0":
  version: 3.0.1
  resolution: "strip-ansi@npm:3.0.1"
  dependencies:
    ansi-regex: ^2.0.0
  checksum: 9b974de611ce5075c70629c00fa98c46144043db92ae17748fb780f706f7a789e9989fd10597b7c2053ae8d1513fd707816a91f1879b2f71e6ac0b6a863db465
  languageName: node
  linkType: hard

"strip-bom@npm:^2.0.0":
  version: 2.0.0
  resolution: "strip-bom@npm:2.0.0"
  dependencies:
    is-utf8: ^0.2.0
  checksum: 08efb746bc67b10814cd03d79eb31bac633393a782e3f35efbc1b61b5165d3806d03332a97f362822cf0d4dd14ba2e12707fcff44fe1c870c48a063a0c9e4944
  languageName: node
  linkType: hard

"strip-indent@npm:^1.0.1":
  version: 1.0.1
  resolution: "strip-indent@npm:1.0.1"
  dependencies:
    get-stdin: ^4.0.1
  bin:
    strip-indent: cli.js
  checksum: 81ad9a0b8a558bdbd05b66c6c437b9ab364aa2b5479ed89969ca7908e680e21b043d40229558c434b22b3d640622e39b66288e0456d601981ac9289de9700fbd
  languageName: node
  linkType: hard

"strip-json-comments@npm:~2.0.1":
  version: 2.0.1
  resolution: "strip-json-comments@npm:2.0.1"
  checksum: 1074ccb63270d32ca28edfb0a281c96b94dc679077828135141f27d52a5a398ef5e78bcf22809d23cadc2b81dfbe345eb5fd8699b385c8b1128907dec4a7d1e1
  languageName: node
  linkType: hard

"sumchecker@npm:^2.0.2":
  version: 2.0.2
  resolution: "sumchecker@npm:2.0.2"
  dependencies:
    debug: ^2.2.0
  checksum: dba69625eeccb05dbca39ad80e6a5670bba162fc3a5686963f571d3b33852f594d3bff02a5c8368bc64fa1f70972b1c57e1714ff572ffd5f7079ebc45b87171c
  languageName: node
  linkType: hard

"throttleit@npm:0.0.2":
  version: 0.0.2
  resolution: "throttleit@npm:0.0.2"
  checksum: ca83a7b5c1c33651460bb506e5d4bde9ef4128d08b932c4cd97b4c85fc4be52a1cbabb8133b07c7d07de92b26ca0219724efaa7c6ce4bbd812639c471d006bc6
  languageName: node
  linkType: hard

"through2@npm:~0.2.3":
  version: 0.2.3
  resolution: "through2@npm:0.2.3"
  dependencies:
    readable-stream: ~1.1.9
    xtend: ~2.1.1
  checksum: 7c1377b5027871ebfd91399e4f311ddb2d3acbb009d177e6d105e86ad3b0e0536293f126dff690eb5d8ce70a2e3078cc73cafd8228b0b6c2e243ac5d3b481722
  languageName: node
  linkType: hard

"tough-cookie@npm:~2.4.3":
  version: 2.4.3
  resolution: "tough-cookie@npm:2.4.3"
  dependencies:
    psl: ^1.1.24
    punycode: ^1.4.1
  checksum: af5c7b03f22fc60b7a03339414d7e5b4d68aea84bcc591b4bfab73d85f71e218ff9ebdf94042205051faf980bdb2eeec5c8cf6ea5368fd9f878d2c3f718640b7
  languageName: node
  linkType: hard

"trim-newlines@npm:^1.0.0":
  version: 1.0.0
  resolution: "trim-newlines@npm:1.0.0"
  checksum: ed96eea318581c6f894c0a98d0c4f16dcce11a41794ce140a79db55f1cab709cd9117578ee5e49a9b52f41e9cd93eaf3efa6c4bddbc77afbf91128b396fadbc1
  languageName: node
  linkType: hard

"tunnel-agent@npm:^0.6.0":
  version: 0.6.0
  resolution: "tunnel-agent@npm:0.6.0"
  dependencies:
    safe-buffer: ^5.0.1
  checksum: 05f6510358f8afc62a057b8b692f05d70c1782b70db86d6a1e0d5e28a32389e52fa6e7707b6c5ecccacc031462e4bc35af85ecfe4bbc341767917b7cf6965711
  languageName: node
  linkType: hard

"tweetnacl@npm:^0.14.3, tweetnacl@npm:~0.14.0":
  version: 0.14.5
  resolution: "tweetnacl@npm:0.14.5"
  checksum: 6061daba1724f59473d99a7bb82e13f211cdf6e31315510ae9656fefd4779851cb927adad90f3b488c8ed77c106adc0421ea8055f6f976ff21b27c5c4e918487
  languageName: node
  linkType: hard

"typedarray@npm:^0.0.6":
  version: 0.0.6
  resolution: "typedarray@npm:0.0.6"
  checksum: 33b39f3d0e8463985eeaeeacc3cb2e28bc3dfaf2a5ed219628c0b629d5d7b810b0eb2165f9f607c34871d5daa92ba1dc69f49051cf7d578b4cbd26c340b9d1b1
  languageName: node
  linkType: hard

"universalify@npm:^0.1.0":
  version: 0.1.2
  resolution: "universalify@npm:0.1.2"
  checksum: 40cdc60f6e61070fe658ca36016a8f4ec216b29bf04a55dce14e3710cc84c7448538ef4dad3728d0bfe29975ccd7bfb5f414c45e7b78883567fb31b246f02dff
  languageName: node
  linkType: hard

"uri-js@npm:^4.2.2":
  version: 4.2.2
  resolution: "uri-js@npm:4.2.2"
  dependencies:
    punycode: ^2.1.0
  checksum: 5a91c55d8ae6d9a1ff9dc1b0774888a99aae7cc6e9056c57b709275c0f6753b05cd1a9f2728a1479244b93a9f57ab37c60d277a48d9f2d032d6ae65837bf9bc7
  languageName: node
  linkType: hard

"util-deprecate@npm:~1.0.1":
  version: 1.0.2
  resolution: "util-deprecate@npm:1.0.2"
  checksum: 474acf1146cb2701fe3b074892217553dfcf9a031280919ba1b8d651a068c9b15d863b7303cb15bd00a862b498e6cf4ad7b4a08fb134edd5a6f7641681cb54a2
  languageName: node
  linkType: hard

"uuid@npm:^3.3.2":
  version: 3.3.2
  resolution: "uuid@npm:3.3.2"
  bin:
    uuid: ./bin/uuid
  checksum: 8793629d2799f500aeea9fcd0aec6c4e9fbcc4d62ed42159ad96be345c3fffac1bbf61a23e18e2782600884fee05e6d4012ce4b70d0037c8e987533ae6a77870
  languageName: node
  linkType: hard

"validate-npm-package-license@npm:^3.0.1":
  version: 3.0.4
  resolution: "validate-npm-package-license@npm:3.0.4"
  dependencies:
    spdx-correct: ^3.0.0
    spdx-expression-parse: ^3.0.0
  checksum: 35703ac889d419cf2aceef63daeadbe4e77227c39ab6287eeb6c1b36a746b364f50ba22e88591f5d017bc54685d8137bc2d328d0a896e4d3fd22093c0f32a9ad
  languageName: node
  linkType: hard

"verror@npm:1.10.0":
  version: 1.10.0
  resolution: "verror@npm:1.10.0"
  dependencies:
    assert-plus: ^1.0.0
    core-util-is: 1.0.2
    extsprintf: ^1.2.0
  checksum: c431df0bedf2088b227a4e051e0ff4ca54df2c114096b0c01e1cbaadb021c30a04d7dd5b41ab277bcd51246ca135bf931d4c4c796ecae7a4fef6d744ecef36ea
  languageName: node
  linkType: hard

"xtend@npm:~2.1.1":
  version: 2.1.2
  resolution: "xtend@npm:2.1.2"
  dependencies:
    object-keys: ~0.4.0
  checksum: a8b79f31502c163205984eaa2b196051cd2fab0882b49758e30f2f9018255bc6c462e32a090bf3385d1bda04755ad8cc0052a09e049b0038f49eb9b950d9c447
  languageName: node
  linkType: hard

"yauzl@npm:2.4.1":
  version: 2.4.1
  resolution: "yauzl@npm:2.4.1"
  dependencies:
    fd-slicer: ~1.0.1
  checksum: 7ce67c296c777d0713cac88aff66d7b2101aef7077df293c556007670507c8ce44303cb4fcbc334dfd29b0720b45f2d8468f52b49710d101b2f5fef664d0fb22
  languageName: node
  linkType: hard
